<?xml version="1.0" encoding="utf-8"?>
<Project ToolsVersion="4.0" xmlns="http://schemas.microsoft.com/developer/msbuild/2003">
  <ItemGroup>
    <Filter Include="Source Files">
      <UniqueIdentifier>{4FC737F1-C7A5-4376-A066-2A32D752A2FF}</UniqueIdentifier>
      <Extensions>cpp;c;cc;cxx;def;odl;idl;hpj;bat;asm;asmx</Extensions>
    </Filter>
    <Filter Include="Header Files">
      <UniqueIdentifier>{93995380-89BD-4b04-88EB-625FBE52EBFB}</UniqueIdentifier>
      <Extensions>h;hh;hpp;hxx;hm;inl;inc;xsd</Extensions>
    </Filter>
    <Filter Include="Resource Files">
      <UniqueIdentifier>{67DA6AB6-F800-4c08-8B7A-83BB121AAD01}</UniqueIdentifier>
      <Extensions>rc;ico;cur;bmp;dlg;rc2;rct;bin;rgs;gif;jpg;jpeg;jpe;resx;tiff;tif;png;wav;mfcribbon-ms</Extensions>
    </Filter>
    <Filter Include="Header Files\Core Classes">
      <UniqueIdentifier>{2426f6df-aba6-44c3-baf5-f027f4bd9d61}</UniqueIdentifier>
    </Filter>
    <Filter Include="Source Files\Core Classes">
      <UniqueIdentifier>{20a64409-a28b-4bb5-b913-e6aed5dfcdae}</UniqueIdentifier>
    </Filter>
    <Filter Include="Header Files\Particle Classes">
      <UniqueIdentifier>{e4fc253c-2edd-487d-919a-e346aa9681a0}</UniqueIdentifier>
    </Filter>
    <Filter Include="Source Files\Particle Classes">
      <UniqueIdentifier>{7e8066bc-b0f2-4836-a08a-6572d8d0c672}</UniqueIdentifier>
    </Filter>
    <Filter Include="Header Files\GameStates">
      <UniqueIdentifier>{605a84ea-538b-4ff2-bebd-da135e1d6a3d}</UniqueIdentifier>
    </Filter>
    <Filter Include="Source Files\GameStates">
      <UniqueIdentifier>{75dec2d6-c95c-4b2d-984d-2d2f218b045e}</UniqueIdentifier>
    </Filter>
    <Filter Include="Header Files\Game Objects">
      <UniqueIdentifier>{a761b10d-893f-43de-b2a6-a1e94f016dd9}</UniqueIdentifier>
    </Filter>
    <Filter Include="Source Files\Game Objects">
      <UniqueIdentifier>{5b3b17fc-8fd9-4e37-a22a-534901149eb7}</UniqueIdentifier>
    </Filter>
  </ItemGroup>
  <ItemGroup>
    <ClCompile Include="src\Source.cpp">
      <Filter>Source Files</Filter>
    </ClCompile>
    <ClCompile Include="src\SDLInit.cpp">
      <Filter>Source Files</Filter>
    </ClCompile>
    <ClCompile Include="src\Sprite.cpp">
      <Filter>Source Files\Core Classes</Filter>
    </ClCompile>
    <ClCompile Include="src\MathFunctions.cpp">
      <Filter>Source Files</Filter>
    </ClCompile>
    <ClCompile Include="src\FloatingParticle.cpp">
      <Filter>Source Files\Particle Classes</Filter>
    </ClCompile>
    <ClCompile Include="src\InputManager.cpp">
      <Filter>Source Files\Core Classes</Filter>
    </ClCompile>
    <ClCompile Include="src\SoundManager.cpp">
      <Filter>Source Files\Core Classes</Filter>
    </ClCompile>
    <ClCompile Include="src\AnimSprite.cpp">
      <Filter>Source Files\Core Classes</Filter>
    </ClCompile>
    <ClCompile Include="src\GSManager.cpp">
      <Filter>Source Files\GameStates</Filter>
    </ClCompile>
    <ClCompile Include="src\GameStates.cpp">
      <Filter>Source Files\GameStates</Filter>
    </ClCompile>
    <ClCompile Include="src\MainMenu.cpp">
      <Filter>Source Files\GameStates</Filter>
    </ClCompile>
    <ClCompile Include="src\InGame.cpp">
      <Filter>Source Files\GameStates</Filter>
    </ClCompile>
    <ClCompile Include="src\Player.cpp">
      <Filter>Source Files\Game Objects</Filter>
    </ClCompile>
    <ClCompile Include="src\TextSprite.cpp">
      <Filter>Source Files\Core Classes</Filter>
    </ClCompile>
    <ClCompile Include="src\Intro.cpp">
      <Filter>Source Files\GameStates</Filter>
    </ClCompile>
  </ItemGroup>
  <ItemGroup>
    <ClInclude Include="include\SDLInit.h">
      <Filter>Header Files</Filter>
    </ClInclude>
    <ClInclude Include="include\Sprite.h">
      <Filter>Header Files\Core Classes</Filter>
    </ClInclude>
    <ClInclude Include="include\MathFunctions.h">
      <Filter>Header Files</Filter>
    </ClInclude>
    <ClInclude Include="include\FloatingParticle.h">
      <Filter>Header Files\Particle Classes</Filter>
    </ClInclude>
    <ClInclude Include="include\InputManager.h">
      <Filter>Header Files\Core Classes</Filter>
    </ClInclude>
    <ClInclude Include="include\SoundManager.h">
      <Filter>Header Files\Core Classes</Filter>
    </ClInclude>
    <ClInclude Include="include\AnimSprite.h">
      <Filter>Header Files\Core Classes</Filter>
    </ClInclude>
    <ClInclude Include="include\GameStates.h">
      <Filter>Header Files\GameStates</Filter>
    </ClInclude>
    <ClInclude Include="include\GSManager.h">
      <Filter>Header Files\GameStates</Filter>
    </ClInclude>
    <ClInclude Include="include\TextSprite.h">
      <Filter>Header Files</Filter>
    </ClInclude>
    <ClInclude Include="include\Player.h">
      <Filter>Header Files\Game Objects</Filter>
    </ClInclude>
    <ClInclude Include="include\InGame.h">
      <Filter>Header Files\GameStates</Filter>
    </ClInclude>
    <ClInclude Include="include\MainMenu.h">
      <Filter>Header Files\GameStates</Filter>
    </ClInclude>
    <ClInclude Include="include\Intro.h">
      <Filter>Header Files\GameStates</Filter>
    </ClInclude>
  </ItemGroup>
</Project>